
Microsoft Visual Studio Solution File, Format Version 12.00
# Visual Studio Version 17
VisualStudioVersion = 17.0.31912.275
MinimumVisualStudioVersion = 10.0.40219.1
Project("{9A19103F-16F7-4668-BE54-9A1E7A4F7556}") = "BankEmprestimoConsignado", "BankEmprestimoConsignado\BankEmprestimoConsignado.csproj", "{08ECAB47-CB04-42D2-B436-210D5628B100}"
EndProject
Project("{9A19103F-16F7-4668-BE54-9A1E7A4F7556}") = "Teste_EmprestimoConsignado", "Teste_EmprestimoConsignado\Teste_EmprestimoConsignado.csproj", "{55913392-B4DE-4DC2-BF87-A01617F18C3B}"
EndProject
Project("{9A19103F-16F7-4668-BE54-9A1E7A4F7556}") = "API_EmprestimoConsignado", "API_EmprestimoConsignado\API_EmprestimoConsignado.csproj", "{0FBC3C20-243F-4736-8177-E0F998A61D2B}"
EndProject
Global
	GlobalSection(SolutionConfigurationPlatforms) = preSolution
		Debug|Any CPU = Debug|Any CPU
		Release|Any CPU = Release|Any CPU
	EndGlobalSection
	GlobalSection(ProjectConfigurationPlatforms) = postSolution
		{08ECAB47-CB04-42D2-B436-210D5628B100}.Debug|Any CPU.ActiveCfg = Debug|Any CPU
		{08ECAB47-CB04-42D2-B436-210D5628B100}.Debug|Any CPU.Build.0 = Debug|Any CPU
		{08ECAB47-CB04-42D2-B436-210D5628B100}.Release|Any CPU.ActiveCfg = Release|Any CPU
		{08ECAB47-CB04-42D2-B436-210D5628B100}.Release|Any CPU.Build.0 = Release|Any CPU
		{55913392-B4DE-4DC2-BF87-A01617F18C3B}.Debug|Any CPU.ActiveCfg = Debug|Any CPU
		{55913392-B4DE-4DC2-BF87-A01617F18C3B}.Debug|Any CPU.Build.0 = Debug|Any CPU
		{55913392-B4DE-4DC2-BF87-A01617F18C3B}.Release|Any CPU.ActiveCfg = Release|Any CPU
		{55913392-B4DE-4DC2-BF87-A01617F18C3B}.Release|Any CPU.Build.0 = Release|Any CPU
		{0FBC3C20-243F-4736-8177-E0F998A61D2B}.Debug|Any CPU.ActiveCfg = Debug|Any CPU
		{0FBC3C20-243F-4736-8177-E0F998A61D2B}.Debug|Any CPU.Build.0 = Debug|Any CPU
		{0FBC3C20-243F-4736-8177-E0F998A61D2B}.Release|Any CPU.ActiveCfg = Release|Any CPU
		{0FBC3C20-243F-4736-8177-E0F998A61D2B}.Release|Any CPU.Build.0 = Release|Any CPU
	EndGlobalSection
	GlobalSection(SolutionProperties) = preSolution
		HideSolutionNode = FALSE
	EndGlobalSection
	GlobalSection(ExtensibilityGlobals) = postSolution
		SolutionGuid = {EB75A2B0-4750-448F-9A00-8A5C46057416}
	EndGlobalSection
EndGlobal
